
Microsoft Visual Studio Solution File, Format Version 12.00
# Visual Studio Version 17
VisualStudioVersion = 17.5.33424.131
MinimumVisualStudioVersion = 10.0.40219.1
Project("{FAE04EC0-301F-11D3-BF4B-00C04F79EFBC}") = "TheLongestWord", "HomeWork5\TheLongestWord.csproj", "{2530CF90-3FE9-42C9-80FD-F0280A586B45}"
EndProject
Project("{FAE04EC0-301F-11D3-BF4B-00C04F79EFBC}") = "IsThisPalindrome", "IsThisPalindrome\IsThisPalindrome.csproj", "{D6CFCC8A-458E-4D22-B512-746C1159F08A}"
EndProject
Global
	GlobalSection(SolutionConfigurationPlatforms) = preSolution
		Debug|Any CPU = Debug|Any CPU
		Release|Any CPU = Release|Any CPU
	EndGlobalSection
	GlobalSection(ProjectConfigurationPlatforms) = postSolution
		{2530CF90-3FE9-42C9-80FD-F0280A586B45}.Debug|Any CPU.ActiveCfg = Debug|Any CPU
		{2530CF90-3FE9-42C9-80FD-F0280A586B45}.Debug|Any CPU.Build.0 = Debug|Any CPU
		{2530CF90-3FE9-42C9-80FD-F0280A586B45}.Release|Any CPU.ActiveCfg = Release|Any CPU
		{2530CF90-3FE9-42C9-80FD-F0280A586B45}.Release|Any CPU.Build.0 = Release|Any CPU
		{D6CFCC8A-458E-4D22-B512-746C1159F08A}.Debug|Any CPU.ActiveCfg = Debug|Any CPU
		{D6CFCC8A-458E-4D22-B512-746C1159F08A}.Debug|Any CPU.Build.0 = Debug|Any CPU
		{D6CFCC8A-458E-4D22-B512-746C1159F08A}.Release|Any CPU.ActiveCfg = Release|Any CPU
		{D6CFCC8A-458E-4D22-B512-746C1159F08A}.Release|Any CPU.Build.0 = Release|Any CPU
	EndGlobalSection
	GlobalSection(SolutionProperties) = preSolution
		HideSolutionNode = FALSE
	EndGlobalSection
	GlobalSection(ExtensibilityGlobals) = postSolution
		SolutionGuid = {5A07F98E-6AEC-4E3E-A7AA-A3FDC0A46A27}
	EndGlobalSection
EndGlobal
